
Microsoft Visual Studio Solution File, Format Version 12.00
# Visual Studio 2012
Project("{2150E333-8FDC-42A3-9474-1A3956D46DE8}") = "Model", "Model", "{9D298B92-3AD7-400C-880B-FBDB7191944D}"
EndProject
Project("{2150E333-8FDC-42A3-9474-1A3956D46DE8}") = "Data", "Data", "{C5ED98F7-8756-430C-9D6C-868BE694D14B}"
EndProject
Project("{2150E333-8FDC-42A3-9474-1A3956D46DE8}") = "UI", "UI", "{33410C17-9863-44F5-BBB5-5F41A6C4CB1C}"
EndProject
Project("{2150E333-8FDC-42A3-9474-1A3956D46DE8}") = "Desktop", "Desktop", "{D21F72C0-5C8C-405D-8903-27737948B833}"
EndProject
Project("{2150E333-8FDC-42A3-9474-1A3956D46DE8}") = ".nuget", ".nuget", "{E8E7928C-12F4-4719-A6F8-40CE63EDFCB6}"
	ProjectSection(SolutionItems) = preProject
		.nuget\NuGet.Config = .nuget\NuGet.Config
		.nuget\NuGet.exe = .nuget\NuGet.exe
		.nuget\NuGet.targets = .nuget\NuGet.targets
	EndProjectSection
EndProject
Project("{FAE04EC0-301F-11D3-BF4B-00C04F79EFBC}") = "STT.Model", "Model\STT.Model\STT.Model.csproj", "{23C2BE2F-1B7D-44FE-B390-E0450540A18B}"
EndProject
Project("{FAE04EC0-301F-11D3-BF4B-00C04F79EFBC}") = "STT.Model.Test", "Model\STT.Model.Test\STT.Model.Test.csproj", "{3CE08C6E-35D6-4492-B221-56EC8BB8FEB3}"
EndProject
Project("{FAE04EC0-301F-11D3-BF4B-00C04F79EFBC}") = "STT.Data", "Data\STT.Data\STT.Data.csproj", "{4BB17672-45DC-42BA-AF95-901050520841}"
EndProject
Project("{FAE04EC0-301F-11D3-BF4B-00C04F79EFBC}") = "STT.Data.Memory", "Data\STT.Data.Memory\STT.Data.Memory.csproj", "{1ED7835F-5283-42E9-894A-0D8BF5EED5E6}"
EndProject
Project("{FAE04EC0-301F-11D3-BF4B-00C04F79EFBC}") = "STT.Data.Memory.Test", "Data\STT.Data.Memory.Test\STT.Data.Memory.Test.csproj", "{0759BF4B-1F9E-48DC-AD6D-8DB5744CA93A}"
EndProject
Project("{FAE04EC0-301F-11D3-BF4B-00C04F79EFBC}") = "STT.UI.Desktop.ViewModel", "UI\Desktop\STT.UI.Desktop.ViewModel\STT.UI.Desktop.ViewModel.csproj", "{EE5B16C0-CA26-450D-94E2-4F0B3F193D58}"
EndProject
Project("{FAE04EC0-301F-11D3-BF4B-00C04F79EFBC}") = "STT.UI.Desktop.ViewModel.Test", "UI\Desktop\STT.UI.Desktop.ViewModel.Test\STT.UI.Desktop.ViewModel.Test.csproj", "{3C3EC726-B768-40D0-A821-B7F4725FBA8F}"
EndProject
Project("{FAE04EC0-301F-11D3-BF4B-00C04F79EFBC}") = "STT.UI.Desktop.View", "UI\Desktop\STT.UI.Desktop.View\STT.UI.Desktop.View.csproj", "{C1695558-F455-437D-9979-DB15ACF7AE7C}"
EndProject
Project("{FAE04EC0-301F-11D3-BF4B-00C04F79EFBC}") = "STT.UI.Desktop.App", "UI\Desktop\STT.UI.Desktop.App\STT.UI.Desktop.App.csproj", "{3340E86C-6B80-41E7-8EDA-C8613CB2B6D6}"
EndProject
Project("{FAE04EC0-301F-11D3-BF4B-00C04F79EFBC}") = "STT.UI.Desktop.Common", "UI\Desktop\STT.UI.Desktop.Common\STT.UI.Desktop.Common.csproj", "{708CAE92-3985-4326-88F4-19C871D3AED3}"
EndProject
Project("{FAE04EC0-301F-11D3-BF4B-00C04F79EFBC}") = "STT.UI.Common", "UI\STT.UI.Common\STT.UI.Common.csproj", "{D2AFD2FF-97D4-490B-800D-D9D2EE233976}"
EndProject
Global
	GlobalSection(SolutionConfigurationPlatforms) = preSolution
		Debug|Any CPU = Debug|Any CPU
		Release|Any CPU = Release|Any CPU
	EndGlobalSection
	GlobalSection(ProjectConfigurationPlatforms) = postSolution
		{23C2BE2F-1B7D-44FE-B390-E0450540A18B}.Debug|Any CPU.ActiveCfg = Debug|Any CPU
		{23C2BE2F-1B7D-44FE-B390-E0450540A18B}.Debug|Any CPU.Build.0 = Debug|Any CPU
		{23C2BE2F-1B7D-44FE-B390-E0450540A18B}.Release|Any CPU.ActiveCfg = Release|Any CPU
		{23C2BE2F-1B7D-44FE-B390-E0450540A18B}.Release|Any CPU.Build.0 = Release|Any CPU
		{3CE08C6E-35D6-4492-B221-56EC8BB8FEB3}.Debug|Any CPU.ActiveCfg = Debug|Any CPU
		{3CE08C6E-35D6-4492-B221-56EC8BB8FEB3}.Debug|Any CPU.Build.0 = Debug|Any CPU
		{3CE08C6E-35D6-4492-B221-56EC8BB8FEB3}.Release|Any CPU.ActiveCfg = Release|Any CPU
		{3CE08C6E-35D6-4492-B221-56EC8BB8FEB3}.Release|Any CPU.Build.0 = Release|Any CPU
		{4BB17672-45DC-42BA-AF95-901050520841}.Debug|Any CPU.ActiveCfg = Debug|Any CPU
		{4BB17672-45DC-42BA-AF95-901050520841}.Debug|Any CPU.Build.0 = Debug|Any CPU
		{4BB17672-45DC-42BA-AF95-901050520841}.Release|Any CPU.ActiveCfg = Release|Any CPU
		{4BB17672-45DC-42BA-AF95-901050520841}.Release|Any CPU.Build.0 = Release|Any CPU
		{1ED7835F-5283-42E9-894A-0D8BF5EED5E6}.Debug|Any CPU.ActiveCfg = Debug|Any CPU
		{1ED7835F-5283-42E9-894A-0D8BF5EED5E6}.Debug|Any CPU.Build.0 = Debug|Any CPU
		{1ED7835F-5283-42E9-894A-0D8BF5EED5E6}.Release|Any CPU.ActiveCfg = Release|Any CPU
		{1ED7835F-5283-42E9-894A-0D8BF5EED5E6}.Release|Any CPU.Build.0 = Release|Any CPU
		{0759BF4B-1F9E-48DC-AD6D-8DB5744CA93A}.Debug|Any CPU.ActiveCfg = Debug|Any CPU
		{0759BF4B-1F9E-48DC-AD6D-8DB5744CA93A}.Debug|Any CPU.Build.0 = Debug|Any CPU
		{0759BF4B-1F9E-48DC-AD6D-8DB5744CA93A}.Release|Any CPU.ActiveCfg = Release|Any CPU
		{0759BF4B-1F9E-48DC-AD6D-8DB5744CA93A}.Release|Any CPU.Build.0 = Release|Any CPU
		{EE5B16C0-CA26-450D-94E2-4F0B3F193D58}.Debug|Any CPU.ActiveCfg = Debug|Any CPU
		{EE5B16C0-CA26-450D-94E2-4F0B3F193D58}.Debug|Any CPU.Build.0 = Debug|Any CPU
		{EE5B16C0-CA26-450D-94E2-4F0B3F193D58}.Release|Any CPU.ActiveCfg = Release|Any CPU
		{EE5B16C0-CA26-450D-94E2-4F0B3F193D58}.Release|Any CPU.Build.0 = Release|Any CPU
		{3C3EC726-B768-40D0-A821-B7F4725FBA8F}.Debug|Any CPU.ActiveCfg = Debug|Any CPU
		{3C3EC726-B768-40D0-A821-B7F4725FBA8F}.Debug|Any CPU.Build.0 = Debug|Any CPU
		{3C3EC726-B768-40D0-A821-B7F4725FBA8F}.Release|Any CPU.ActiveCfg = Release|Any CPU
		{3C3EC726-B768-40D0-A821-B7F4725FBA8F}.Release|Any CPU.Build.0 = Release|Any CPU
		{C1695558-F455-437D-9979-DB15ACF7AE7C}.Debug|Any CPU.ActiveCfg = Debug|Any CPU
		{C1695558-F455-437D-9979-DB15ACF7AE7C}.Debug|Any CPU.Build.0 = Debug|Any CPU
		{C1695558-F455-437D-9979-DB15ACF7AE7C}.Release|Any CPU.ActiveCfg = Release|Any CPU
		{C1695558-F455-437D-9979-DB15ACF7AE7C}.Release|Any CPU.Build.0 = Release|Any CPU
		{3340E86C-6B80-41E7-8EDA-C8613CB2B6D6}.Debug|Any CPU.ActiveCfg = Debug|Any CPU
		{3340E86C-6B80-41E7-8EDA-C8613CB2B6D6}.Debug|Any CPU.Build.0 = Debug|Any CPU
		{3340E86C-6B80-41E7-8EDA-C8613CB2B6D6}.Release|Any CPU.ActiveCfg = Release|Any CPU
		{3340E86C-6B80-41E7-8EDA-C8613CB2B6D6}.Release|Any CPU.Build.0 = Release|Any CPU
		{708CAE92-3985-4326-88F4-19C871D3AED3}.Debug|Any CPU.ActiveCfg = Debug|Any CPU
		{708CAE92-3985-4326-88F4-19C871D3AED3}.Debug|Any CPU.Build.0 = Debug|Any CPU
		{708CAE92-3985-4326-88F4-19C871D3AED3}.Release|Any CPU.ActiveCfg = Release|Any CPU
		{708CAE92-3985-4326-88F4-19C871D3AED3}.Release|Any CPU.Build.0 = Release|Any CPU
		{D2AFD2FF-97D4-490B-800D-D9D2EE233976}.Debug|Any CPU.ActiveCfg = Debug|Any CPU
		{D2AFD2FF-97D4-490B-800D-D9D2EE233976}.Debug|Any CPU.Build.0 = Debug|Any CPU
		{D2AFD2FF-97D4-490B-800D-D9D2EE233976}.Release|Any CPU.ActiveCfg = Release|Any CPU
		{D2AFD2FF-97D4-490B-800D-D9D2EE233976}.Release|Any CPU.Build.0 = Release|Any CPU
	EndGlobalSection
	GlobalSection(SolutionProperties) = preSolution
		HideSolutionNode = FALSE
	EndGlobalSection
	GlobalSection(NestedProjects) = preSolution
		{23C2BE2F-1B7D-44FE-B390-E0450540A18B} = {9D298B92-3AD7-400C-880B-FBDB7191944D}
		{3CE08C6E-35D6-4492-B221-56EC8BB8FEB3} = {9D298B92-3AD7-400C-880B-FBDB7191944D}
		{4BB17672-45DC-42BA-AF95-901050520841} = {C5ED98F7-8756-430C-9D6C-868BE694D14B}
		{1ED7835F-5283-42E9-894A-0D8BF5EED5E6} = {C5ED98F7-8756-430C-9D6C-868BE694D14B}
		{0759BF4B-1F9E-48DC-AD6D-8DB5744CA93A} = {C5ED98F7-8756-430C-9D6C-868BE694D14B}
		{D21F72C0-5C8C-405D-8903-27737948B833} = {33410C17-9863-44F5-BBB5-5F41A6C4CB1C}
		{D2AFD2FF-97D4-490B-800D-D9D2EE233976} = {33410C17-9863-44F5-BBB5-5F41A6C4CB1C}
		{EE5B16C0-CA26-450D-94E2-4F0B3F193D58} = {D21F72C0-5C8C-405D-8903-27737948B833}
		{3C3EC726-B768-40D0-A821-B7F4725FBA8F} = {D21F72C0-5C8C-405D-8903-27737948B833}
		{C1695558-F455-437D-9979-DB15ACF7AE7C} = {D21F72C0-5C8C-405D-8903-27737948B833}
		{3340E86C-6B80-41E7-8EDA-C8613CB2B6D6} = {D21F72C0-5C8C-405D-8903-27737948B833}
		{708CAE92-3985-4326-88F4-19C871D3AED3} = {D21F72C0-5C8C-405D-8903-27737948B833}
	EndGlobalSection
EndGlobal
