
Microsoft Visual Studio Solution File, Format Version 12.00
# Visual Studio 2012
Project("{FAE04EC0-301F-11D3-BF4B-00C04F79EFBC}") = "STT.Model", "STT.Model\STT.Model.csproj", "{23C2BE2F-1B7D-44FE-B390-E0450540A18B}"
EndProject
Project("{FAE04EC0-301F-11D3-BF4B-00C04F79EFBC}") = "STT.Model.Test", "STT.Model.Test\STT.Model.Test.csproj", "{3CE08C6E-35D6-4492-B221-56EC8BB8FEB3}"
EndProject
Project("{2150E333-8FDC-42A3-9474-1A3956D46DE8}") = "Model", "Model", "{9D298B92-3AD7-400C-880B-FBDB7191944D}"
EndProject
Project("{2150E333-8FDC-42A3-9474-1A3956D46DE8}") = "Data", "Data", "{C5ED98F7-8756-430C-9D6C-868BE694D14B}"
EndProject
Project("{FAE04EC0-301F-11D3-BF4B-00C04F79EFBC}") = "STT.Data", "STT.Data\STT.Data.csproj", "{4BB17672-45DC-42BA-AF95-901050520841}"
EndProject
Project("{FAE04EC0-301F-11D3-BF4B-00C04F79EFBC}") = "STT.Data.Memory", "STT.Data.Memory\STT.Data.Memory.csproj", "{1ED7835F-5283-42E9-894A-0D8BF5EED5E6}"
EndProject
Project("{FAE04EC0-301F-11D3-BF4B-00C04F79EFBC}") = "STT.Data.Memory.Test", "STT.Data.Memory.Test\STT.Data.Memory.Test.csproj", "{0759BF4B-1F9E-48DC-AD6D-8DB5744CA93A}"
EndProject
Global
	GlobalSection(SolutionConfigurationPlatforms) = preSolution
		Debug|Any CPU = Debug|Any CPU
		Release|Any CPU = Release|Any CPU
	EndGlobalSection
	GlobalSection(ProjectConfigurationPlatforms) = postSolution
		{23C2BE2F-1B7D-44FE-B390-E0450540A18B}.Debug|Any CPU.ActiveCfg = Debug|Any CPU
		{23C2BE2F-1B7D-44FE-B390-E0450540A18B}.Debug|Any CPU.Build.0 = Debug|Any CPU
		{23C2BE2F-1B7D-44FE-B390-E0450540A18B}.Release|Any CPU.ActiveCfg = Release|Any CPU
		{23C2BE2F-1B7D-44FE-B390-E0450540A18B}.Release|Any CPU.Build.0 = Release|Any CPU
		{3CE08C6E-35D6-4492-B221-56EC8BB8FEB3}.Debug|Any CPU.ActiveCfg = Debug|Any CPU
		{3CE08C6E-35D6-4492-B221-56EC8BB8FEB3}.Debug|Any CPU.Build.0 = Debug|Any CPU
		{3CE08C6E-35D6-4492-B221-56EC8BB8FEB3}.Release|Any CPU.ActiveCfg = Release|Any CPU
		{3CE08C6E-35D6-4492-B221-56EC8BB8FEB3}.Release|Any CPU.Build.0 = Release|Any CPU
		{4BB17672-45DC-42BA-AF95-901050520841}.Debug|Any CPU.ActiveCfg = Debug|Any CPU
		{4BB17672-45DC-42BA-AF95-901050520841}.Debug|Any CPU.Build.0 = Debug|Any CPU
		{4BB17672-45DC-42BA-AF95-901050520841}.Release|Any CPU.ActiveCfg = Release|Any CPU
		{4BB17672-45DC-42BA-AF95-901050520841}.Release|Any CPU.Build.0 = Release|Any CPU
		{1ED7835F-5283-42E9-894A-0D8BF5EED5E6}.Debug|Any CPU.ActiveCfg = Debug|Any CPU
		{1ED7835F-5283-42E9-894A-0D8BF5EED5E6}.Debug|Any CPU.Build.0 = Debug|Any CPU
		{1ED7835F-5283-42E9-894A-0D8BF5EED5E6}.Release|Any CPU.ActiveCfg = Release|Any CPU
		{1ED7835F-5283-42E9-894A-0D8BF5EED5E6}.Release|Any CPU.Build.0 = Release|Any CPU
		{0759BF4B-1F9E-48DC-AD6D-8DB5744CA93A}.Debug|Any CPU.ActiveCfg = Debug|Any CPU
		{0759BF4B-1F9E-48DC-AD6D-8DB5744CA93A}.Debug|Any CPU.Build.0 = Debug|Any CPU
		{0759BF4B-1F9E-48DC-AD6D-8DB5744CA93A}.Release|Any CPU.ActiveCfg = Release|Any CPU
		{0759BF4B-1F9E-48DC-AD6D-8DB5744CA93A}.Release|Any CPU.Build.0 = Release|Any CPU
	EndGlobalSection
	GlobalSection(SolutionProperties) = preSolution
		HideSolutionNode = FALSE
	EndGlobalSection
	GlobalSection(NestedProjects) = preSolution
		{3CE08C6E-35D6-4492-B221-56EC8BB8FEB3} = {9D298B92-3AD7-400C-880B-FBDB7191944D}
		{23C2BE2F-1B7D-44FE-B390-E0450540A18B} = {9D298B92-3AD7-400C-880B-FBDB7191944D}
		{4BB17672-45DC-42BA-AF95-901050520841} = {C5ED98F7-8756-430C-9D6C-868BE694D14B}
		{1ED7835F-5283-42E9-894A-0D8BF5EED5E6} = {C5ED98F7-8756-430C-9D6C-868BE694D14B}
		{0759BF4B-1F9E-48DC-AD6D-8DB5744CA93A} = {C5ED98F7-8756-430C-9D6C-868BE694D14B}
	EndGlobalSection
EndGlobal
